
Microsoft Visual Studio Solution File, Format Version 12.00
# Visual Studio Version 17
VisualStudioVersion = 17.5.33530.505
MinimumVisualStudioVersion = 10.0.40219.1
Project("{9A19103F-16F7-4668-BE54-9A1E7A4F7556}") = "RazorPage", "RazorPage\RazorPage.csproj", "{8728ADDD-E66C-46AD-8C44-0C30960EB4BA}"
EndProject
Global
	GlobalSection(SolutionConfigurationPlatforms) = preSolution
		Debug|Any CPU = Debug|Any CPU
		Release|Any CPU = Release|Any CPU
	EndGlobalSection
	GlobalSection(ProjectConfigurationPlatforms) = postSolution
		{8728ADDD-E66C-46AD-8C44-0C30960EB4BA}.Debug|Any CPU.ActiveCfg = Debug|Any CPU
		{8728ADDD-E66C-46AD-8C44-0C30960EB4BA}.Debug|Any CPU.Build.0 = Debug|Any CPU
		{8728ADDD-E66C-46AD-8C44-0C30960EB4BA}.Release|Any CPU.ActiveCfg = Release|Any CPU
		{8728ADDD-E66C-46AD-8C44-0C30960EB4BA}.Release|Any CPU.Build.0 = Release|Any CPU
	EndGlobalSection
	GlobalSection(SolutionProperties) = preSolution
		HideSolutionNode = FALSE
	EndGlobalSection
	GlobalSection(ExtensibilityGlobals) = postSolution
		SolutionGuid = {1E36A1DF-ACCE-4662-B537-E2025295AD9F}
	EndGlobalSection
EndGlobal
